// !$*UTF8*$!
{
	archiveVersion = 1;
	classes = {
	};
	objectVersion = 46;
	objects = {

/* Begin PBXBuildFile section */
		5B6141B11BF22E8C00ABEC2E /* AppDelegate.swift in Sources */ = {isa = PBXBuildFile; fileRef = 5B6141B01BF22E8C00ABEC2E /* AppDelegate.swift */; };
		5B6141B31BF22E8C00ABEC2E /* ViewController.swift in Sources */ = {isa = PBXBuildFile; fileRef = 5B6141B21BF22E8C00ABEC2E /* ViewController.swift */; };
		5B6141B61BF22E8C00ABEC2E /* Main.storyboard in Resources */ = {isa = PBXBuildFile; fileRef = 5B6141B41BF22E8C00ABEC2E /* Main.storyboard */; };
		5B6141B81BF22E8C00ABEC2E /* Assets.xcassets in Resources */ = {isa = PBXBuildFile; fileRef = 5B6141B71BF22E8C00ABEC2E /* Assets.xcassets */; };
		5B6141BB1BF22E8C00ABEC2E /* LaunchScreen.storyboard in Resources */ = {isa = PBXBuildFile; fileRef = 5B6141B91BF22E8C00ABEC2E /* LaunchScreen.storyboard */; };
		5B6141CA1BF22EA100ABEC2E /* GUI.h in Headers */ = {isa = PBXBuildFile; fileRef = 5B6141C91BF22EA100ABEC2E /* GUI.h */; settings = {ATTRIBUTES = (Public, ); }; };
		5B6141CE1BF22EA100ABEC2E /* GUI.framework in Frameworks */ = {isa = PBXBuildFile; fileRef = 5B6141C71BF22EA100ABEC2E /* GUI.framework */; };
		5B6141CF1BF22EA100ABEC2E /* GUI.framework in Embed Frameworks */ = {isa = PBXBuildFile; fileRef = 5B6141C71BF22EA100ABEC2E /* GUI.framework */; settings = {ATTRIBUTES = (CodeSignOnCopy, RemoveHeadersOnCopy, ); }; };
		5B6141D51BF22EC100ABEC2E /* Media.xcassets in Resources */ = {isa = PBXBuildFile; fileRef = 5B6141D41BF22EC100ABEC2E /* Media.xcassets */; };
		5B6141D71BF22ED600ABEC2E /* CustomView.xib in Resources */ = {isa = PBXBuildFile; fileRef = 5B6141D61BF22ED600ABEC2E /* CustomView.xib */; };
		5B6141DB1BF2302F00ABEC2E /* R.generated.swift in Sources */ = {isa = PBXBuildFile; fileRef = 5B6141DA1BF2302F00ABEC2E /* R.generated.swift */; };
		5B6141DD1BF2303700ABEC2E /* R.generated.swift in Sources */ = {isa = PBXBuildFile; fileRef = 5B6141DC1BF2303700ABEC2E /* R.generated.swift */; };
		5B6141DF1BF2309800ABEC2E /* GUI.swift in Sources */ = {isa = PBXBuildFile; fileRef = 5B6141DE1BF2309800ABEC2E /* GUI.swift */; };
/* End PBXBuildFile section */

/* Begin PBXContainerItemProxy section */
		5B6141CC1BF22EA100ABEC2E /* PBXContainerItemProxy */ = {
			isa = PBXContainerItemProxy;
			containerPortal = 5B6141A51BF22E8B00ABEC2E /* Project object */;
			proxyType = 1;
			remoteGlobalIDString = 5B6141C61BF22EA100ABEC2E;
			remoteInfo = GUI;
		};
/* End PBXContainerItemProxy section */

/* Begin PBXCopyFilesBuildPhase section */
		5B6141D31BF22EA100ABEC2E /* Embed Frameworks */ = {
			isa = PBXCopyFilesBuildPhase;
			buildActionMask = 2147483647;
			dstPath = "";
			dstSubfolderSpec = 10;
			files = (
				5B6141CF1BF22EA100ABEC2E /* GUI.framework in Embed Frameworks */,
			);
			name = "Embed Frameworks";
			runOnlyForDeploymentPostprocessing = 0;
		};
/* End PBXCopyFilesBuildPhase section */

/* Begin PBXFileReference section */
		5B6141AD1BF22E8C00ABEC2E /* R-Example.app */ = {isa = PBXFileReference; explicitFileType = wrapper.application; includeInIndex = 0; path = "R-Example.app"; sourceTree = BUILT_PRODUCTS_DIR; };
		5B6141B01BF22E8C00ABEC2E /* AppDelegate.swift */ = {isa = PBXFileReference; lastKnownFileType = sourcecode.swift; path = AppDelegate.swift; sourceTree = "<group>"; };
		5B6141B21BF22E8C00ABEC2E /* ViewController.swift */ = {isa = PBXFileReference; lastKnownFileType = sourcecode.swift; path = ViewController.swift; sourceTree = "<group>"; };
		5B6141B51BF22E8C00ABEC2E /* Base */ = {isa = PBXFileReference; lastKnownFileType = file.storyboard; name = Base; path = Base.lproj/Main.storyboard; sourceTree = "<group>"; };
		5B6141B71BF22E8C00ABEC2E /* Assets.xcassets */ = {isa = PBXFileReference; lastKnownFileType = folder.assetcatalog; path = Assets.xcassets; sourceTree = "<group>"; };
		5B6141BA1BF22E8C00ABEC2E /* Base */ = {isa = PBXFileReference; lastKnownFileType = file.storyboard; name = Base; path = Base.lproj/LaunchScreen.storyboard; sourceTree = "<group>"; };
		5B6141BC1BF22E8C00ABEC2E /* Info.plist */ = {isa = PBXFileReference; lastKnownFileType = text.plist.xml; path = Info.plist; sourceTree = "<group>"; };
		5B6141C71BF22EA100ABEC2E /* GUI.framework */ = {isa = PBXFileReference; explicitFileType = wrapper.framework; includeInIndex = 0; path = GUI.framework; sourceTree = BUILT_PRODUCTS_DIR; };
		5B6141C91BF22EA100ABEC2E /* GUI.h */ = {isa = PBXFileReference; lastKnownFileType = sourcecode.c.h; path = GUI.h; sourceTree = "<group>"; };
		5B6141CB1BF22EA100ABEC2E /* Info.plist */ = {isa = PBXFileReference; lastKnownFileType = text.plist.xml; path = Info.plist; sourceTree = "<group>"; };
		5B6141D41BF22EC100ABEC2E /* Media.xcassets */ = {isa = PBXFileReference; lastKnownFileType = folder.assetcatalog; path = Media.xcassets; sourceTree = "<group>"; };
		5B6141D61BF22ED600ABEC2E /* CustomView.xib */ = {isa = PBXFileReference; fileEncoding = 4; lastKnownFileType = file.xib; path = CustomView.xib; sourceTree = "<group>"; };
		5B6141DA1BF2302F00ABEC2E /* R.generated.swift */ = {isa = PBXFileReference; fileEncoding = 4; lastKnownFileType = sourcecode.swift; path = R.generated.swift; sourceTree = "<group>"; };
		5B6141DC1BF2303700ABEC2E /* R.generated.swift */ = {isa = PBXFileReference; fileEncoding = 4; lastKnownFileType = sourcecode.swift; path = R.generated.swift; sourceTree = "<group>"; };
		5B6141DE1BF2309800ABEC2E /* GUI.swift */ = {isa = PBXFileReference; fileEncoding = 4; lastKnownFileType = sourcecode.swift; path = GUI.swift; sourceTree = "<group>"; };
/* End PBXFileReference section */

/* Begin PBXFrameworksBuildPhase section */
		5B6141AA1BF22E8C00ABEC2E /* Frameworks */ = {
			isa = PBXFrameworksBuildPhase;
			buildActionMask = 2147483647;
			files = (
				5B6141CE1BF22EA100ABEC2E /* GUI.framework in Frameworks */,
			);
			runOnlyForDeploymentPostprocessing = 0;
		};
		5B6141C31BF22EA100ABEC2E /* Frameworks */ = {
			isa = PBXFrameworksBuildPhase;
			buildActionMask = 2147483647;
			files = (
			);
			runOnlyForDeploymentPostprocessing = 0;
		};
/* End PBXFrameworksBuildPhase section */

/* Begin PBXGroup section */
		5B6141A41BF22E8B00ABEC2E = {
			isa = PBXGroup;
			children = (
				5B6141AF1BF22E8C00ABEC2E /* R-Example */,
				5B6141C81BF22EA100ABEC2E /* GUI */,
				5B6141AE1BF22E8C00ABEC2E /* Products */,
			);
			sourceTree = "<group>";
		};
		5B6141AE1BF22E8C00ABEC2E /* Products */ = {
			isa = PBXGroup;
			children = (
				5B6141AD1BF22E8C00ABEC2E /* R-Example.app */,
				5B6141C71BF22EA100ABEC2E /* GUI.framework */,
			);
			name = Products;
			sourceTree = "<group>";
		};
		5B6141AF1BF22E8C00ABEC2E /* R-Example */ = {
			isa = PBXGroup;
			children = (
				5B6141DC1BF2303700ABEC2E /* R.generated.swift */,
				5B6141B01BF22E8C00ABEC2E /* AppDelegate.swift */,
				5B6141B21BF22E8C00ABEC2E /* ViewController.swift */,
				5B6141B41BF22E8C00ABEC2E /* Main.storyboard */,
				5B6141B71BF22E8C00ABEC2E /* Assets.xcassets */,
				5B6141B91BF22E8C00ABEC2E /* LaunchScreen.storyboard */,
				5B6141BC1BF22E8C00ABEC2E /* Info.plist */,
			);
			path = "R-Example";
			sourceTree = "<group>";
		};
		5B6141C81BF22EA100ABEC2E /* GUI */ = {
			isa = PBXGroup;
			children = (
				5B6141DE1BF2309800ABEC2E /* GUI.swift */,
				5B6141DA1BF2302F00ABEC2E /* R.generated.swift */,
				5B6141C91BF22EA100ABEC2E /* GUI.h */,
				5B6141CB1BF22EA100ABEC2E /* Info.plist */,
				5B6141D41BF22EC100ABEC2E /* Media.xcassets */,
				5B6141D61BF22ED600ABEC2E /* CustomView.xib */,
			);
			path = GUI;
			sourceTree = "<group>";
		};
/* End PBXGroup section */

/* Begin PBXHeadersBuildPhase section */
		5B6141C41BF22EA100ABEC2E /* Headers */ = {
			isa = PBXHeadersBuildPhase;
			buildActionMask = 2147483647;
			files = (
				5B6141CA1BF22EA100ABEC2E /* GUI.h in Headers */,
			);
			runOnlyForDeploymentPostprocessing = 0;
		};
/* End PBXHeadersBuildPhase section */

/* Begin PBXNativeTarget section */
		5B6141AC1BF22E8C00ABEC2E /* R-Example */ = {
			isa = PBXNativeTarget;
			buildConfigurationList = 5B6141BF1BF22E8C00ABEC2E /* Build configuration list for PBXNativeTarget "R-Example" */;
			buildPhases = (
				5B6141D91BF22FE200ABEC2E /* ShellScript */,
				5B6141A91BF22E8C00ABEC2E /* Sources */,
				5B6141D31BF22EA100ABEC2E /* Embed Frameworks */,
				5B6141AA1BF22E8C00ABEC2E /* Frameworks */,
				5B6141AB1BF22E8C00ABEC2E /* Resources */,
			);
			buildRules = (
			);
			dependencies = (
				5B6141CD1BF22EA100ABEC2E /* PBXTargetDependency */,
			);
			name = "R-Example";
			productName = "R-Example";
			productReference = 5B6141AD1BF22E8C00ABEC2E /* R-Example.app */;
			productType = "com.apple.product-type.application";
		};
		5B6141C61BF22EA100ABEC2E /* GUI */ = {
			isa = PBXNativeTarget;
			buildConfigurationList = 5B6141D01BF22EA100ABEC2E /* Build configuration list for PBXNativeTarget "GUI" */;
			buildPhases = (
				5B6141D81BF22F6600ABEC2E /* ShellScript */,
				5B6141C21BF22EA100ABEC2E /* Sources */,
				5B6141C31BF22EA100ABEC2E /* Frameworks */,
				5B6141C51BF22EA100ABEC2E /* Resources */,
				5B6141C41BF22EA100ABEC2E /* Headers */,
			);
			buildRules = (
			);
			dependencies = (
			);
			name = GUI;
			productName = GUI;
			productReference = 5B6141C71BF22EA100ABEC2E /* GUI.framework */;
			productType = "com.apple.product-type.framework";
		};
/* End PBXNativeTarget section */

/* Begin PBXProject section */
		5B6141A51BF22E8B00ABEC2E /* Project object */ = {
			isa = PBXProject;
			attributes = {
				LastSwiftUpdateCheck = 0710;
				LastUpgradeCheck = 0710;
				ORGANIZATIONNAME = mexx;
				TargetAttributes = {
					5B6141AC1BF22E8C00ABEC2E = {
						CreatedOnToolsVersion = 7.1.1;
					};
					5B6141C61BF22EA100ABEC2E = {
						CreatedOnToolsVersion = 7.1.1;
					};
				};
			};
			buildConfigurationList = 5B6141A81BF22E8B00ABEC2E /* Build configuration list for PBXProject "R-Example" */;
			compatibilityVersion = "Xcode 3.2";
			developmentRegion = English;
			hasScannedForEncodings = 0;
			knownRegions = (
				en,
				Base,
			);
			mainGroup = 5B6141A41BF22E8B00ABEC2E;
			productRefGroup = 5B6141AE1BF22E8C00ABEC2E /* Products */;
			projectDirPath = "";
			projectRoot = "";
			targets = (
				5B6141AC1BF22E8C00ABEC2E /* R-Example */,
				5B6141C61BF22EA100ABEC2E /* GUI */,
			);
		};
/* End PBXProject section */

/* Begin PBXResourcesBuildPhase section */
		5B6141AB1BF22E8C00ABEC2E /* Resources */ = {
			isa = PBXResourcesBuildPhase;
			buildActionMask = 2147483647;
			files = (
				5B6141BB1BF22E8C00ABEC2E /* LaunchScreen.storyboard in Resources */,
				5B6141B81BF22E8C00ABEC2E /* Assets.xcassets in Resources */,
				5B6141B61BF22E8C00ABEC2E /* Main.storyboard in Resources */,
			);
			runOnlyForDeploymentPostprocessing = 0;
		};
		5B6141C51BF22EA100ABEC2E /* Resources */ = {
			isa = PBXResourcesBuildPhase;
			buildActionMask = 2147483647;
			files = (
				5B6141D51BF22EC100ABEC2E /* Media.xcassets in Resources */,
				5B6141D71BF22ED600ABEC2E /* CustomView.xib in Resources */,
			);
			runOnlyForDeploymentPostprocessing = 0;
		};
/* End PBXResourcesBuildPhase section */

/* Begin PBXShellScriptBuildPhase section */
		5B6141D81BF22F6600ABEC2E /* ShellScript */ = {
			isa = PBXShellScriptBuildPhase;
			buildActionMask = 2147483647;
			files = (
			);
			inputPaths = (
			);
			outputPaths = (
			);
			runOnlyForDeploymentPostprocessing = 0;
			shellPath = /bin/sh;
			shellScript = "\"$SRCROOT/rswift\" \"$SRCROOT/GUI\" --target GUI\n\n";
		};
		5B6141D91BF22FE200ABEC2E /* ShellScript */ = {
			isa = PBXShellScriptBuildPhase;
			buildActionMask = 2147483647;
			files = (
			);
			inputPaths = (
			);
			outputPaths = (
			);
			runOnlyForDeploymentPostprocessing = 0;
			shellPath = /bin/sh;
			shellScript = "\"$SRCROOT/rswift\" \"$SRCROOT/R-Example\" --target R-Example\n\n";
		};
/* End PBXShellScriptBuildPhase section */

/* Begin PBXSourcesBuildPhase section */
		5B6141A91BF22E8C00ABEC2E /* Sources */ = {
			isa = PBXSourcesBuildPhase;
			buildActionMask = 2147483647;
			files = (
				5B6141B31BF22E8C00ABEC2E /* ViewController.swift in Sources */,
				5B6141B11BF22E8C00ABEC2E /* AppDelegate.swift in Sources */,
				5B6141DD1BF2303700ABEC2E /* R.generated.swift in Sources */,
			);
			runOnlyForDeploymentPostprocessing = 0;
		};
		5B6141C21BF22EA100ABEC2E /* Sources */ = {
			isa = PBXSourcesBuildPhase;
			buildActionMask = 2147483647;
			files = (
				5B6141DB1BF2302F00ABEC2E /* R.generated.swift in Sources */,
				5B6141DF1BF2309800ABEC2E /* GUI.swift in Sources */,
			);
			runOnlyForDeploymentPostprocessing = 0;
		};
/* End PBXSourcesBuildPhase section */

/* Begin PBXTargetDependency section */
		5B6141CD1BF22EA100ABEC2E /* PBXTargetDependency */ = {
			isa = PBXTargetDependency;
			target = 5B6141C61BF22EA100ABEC2E /* GUI */;
			targetProxy = 5B6141CC1BF22EA100ABEC2E /* PBXContainerItemProxy */;
		};
/* End PBXTargetDependency section */

/* Begin PBXVariantGroup section */
		5B6141B41BF22E8C00ABEC2E /* Main.storyboard */ = {
			isa = PBXVariantGroup;
			children = (
				5B6141B51BF22E8C00ABEC2E /* Base */,
			);
			name = Main.storyboard;
			sourceTree = "<group>";
		};
		5B6141B91BF22E8C00ABEC2E /* LaunchScreen.storyboard */ = {
			isa = PBXVariantGroup;
			children = (
				5B6141BA1BF22E8C00ABEC2E /* Base */,
			);
			name = LaunchScreen.storyboard;
			sourceTree = "<group>";
		};
/* End PBXVariantGroup section */

/* Begin XCBuildConfiguration section */
		5B6141BD1BF22E8C00ABEC2E /* Debug */ = {
			isa = XCBuildConfiguration;
			buildSettings = {
				ALWAYS_SEARCH_USER_PATHS = NO;
				CLANG_CXX_LANGUAGE_STANDARD = "gnu++0x";
				CLANG_CXX_LIBRARY = "libc++";
				CLANG_ENABLE_MODULES = YES;
				CLANG_ENABLE_OBJC_ARC = YES;
				CLANG_WARN_BOOL_CONVERSION = YES;
				CLANG_WARN_CONSTANT_CONVERSION = YES;
				CLANG_WARN_DIRECT_OBJC_ISA_USAGE = YES_ERROR;
				CLANG_WARN_EMPTY_BODY = YES;
				CLANG_WARN_ENUM_CONVERSION = YES;
				CLANG_WARN_INT_CONVERSION = YES;
				CLANG_WARN_OBJC_ROOT_CLASS = YES_ERROR;
				CLANG_WARN_UNREACHABLE_CODE = YES;
				CLANG_WARN__DUPLICATE_METHOD_MATCH = YES;
				"CODE_SIGN_IDENTITY[sdk=iphoneos*]" = "iPhone Developer";
				COPY_PHASE_STRIP = NO;
				DEBUG_INFORMATION_FORMAT = dwarf;
				ENABLE_STRICT_OBJC_MSGSEND = YES;
				ENABLE_TESTABILITY = YES;
				GCC_C_LANGUAGE_STANDARD = gnu99;
				GCC_DYNAMIC_NO_PIC = NO;
				GCC_NO_COMMON_BLOCKS = YES;
				GCC_OPTIMIZATION_LEVEL = 0;
				GCC_PREPROCESSOR_DEFINITIONS = (
					"DEBUG=1",
					"$(inherited)",
				);
				GCC_WARN_64_TO_32_BIT_CONVERSION = YES;
				GCC_WARN_ABOUT_RETURN_TYPE = YES_ERROR;
				GCC_WARN_UNDECLARED_SELECTOR = YES;
				GCC_WARN_UNINITIALIZED_AUTOS = YES_AGGRESSIVE;
				GCC_WARN_UNUSED_FUNCTION = YES;
				GCC_WARN_UNUSED_VARIABLE = YES;
				IPHONEOS_DEPLOYMENT_TARGET = 9.1;
				MTL_ENABLE_DEBUG_INFO = YES;
				ONLY_ACTIVE_ARCH = YES;
				SDKROOT = iphoneos;
				SWIFT_OPTIMIZATION_LEVEL = "-Onone";
				TARGETED_DEVICE_FAMILY = "1,2";
			};
			name = Debug;
		};
		5B6141BE1BF22E8C00ABEC2E /* Release */ = {
			isa = XCBuildConfiguration;
			buildSettings = {
				ALWAYS_SEARCH_USER_PATHS = NO;
				CLANG_CXX_LANGUAGE_STANDARD = "gnu++0x";
				CLANG_CXX_LIBRARY = "libc++";
				CLANG_ENABLE_MODULES = YES;
				CLANG_ENABLE_OBJC_ARC = YES;
				CLANG_WARN_BOOL_CONVERSION = YES;
				CLANG_WARN_CONSTANT_CONVERSION = YES;
				CLANG_WARN_DIRECT_OBJC_ISA_USAGE = YES_ERROR;
				CLANG_WARN_EMPTY_BODY = YES;
				CLANG_WARN_ENUM_CONVERSION = YES;
				CLANG_WARN_INT_CONVERSION = YES;
				CLANG_WARN_OBJC_ROOT_CLASS = YES_ERROR;
				CLANG_WARN_UNREACHABLE_CODE = YES;
				CLANG_WARN__DUPLICATE_METHOD_MATCH = YES;
				"CODE_SIGN_IDENTITY[sdk=iphoneos*]" = "iPhone Developer";
				COPY_PHASE_STRIP = NO;
				DEBUG_INFORMATION_FORMAT = "dwarf-with-dsym";
				ENABLE_NS_ASSERTIONS = NO;
				ENABLE_STRICT_OBJC_MSGSEND = YES;
				GCC_C_LANGUAGE_STANDARD = gnu99;
				GCC_NO_COMMON_BLOCKS = YES;
				GCC_WARN_64_TO_32_BIT_CONVERSION = YES;
				GCC_WARN_ABOUT_RETURN_TYPE = YES_ERROR;
				GCC_WARN_UNDECLARED_SELECTOR = YES;
				GCC_WARN_UNINITIALIZED_AUTOS = YES_AGGRESSIVE;
				GCC_WARN_UNUSED_FUNCTION = YES;
				GCC_WARN_UNUSED_VARIABLE = YES;
				IPHONEOS_DEPLOYMENT_TARGET = 9.1;
				MTL_ENABLE_DEBUG_INFO = NO;
				SDKROOT = iphoneos;
				TARGETED_DEVICE_FAMILY = "1,2";
				VALIDATE_PRODUCT = YES;
			};
			name = Release;
		};
		5B6141C01BF22E8C00ABEC2E /* Debug */ = {
			isa = XCBuildConfiguration;
			buildSettings = {
				ASSETCATALOG_COMPILER_APPICON_NAME = AppIcon;
				EMBEDDED_CONTENT_CONTAINS_SWIFT = YES;
				INFOPLIST_FILE = "R-Example/Info.plist";
				LD_RUNPATH_SEARCH_PATHS = "$(inherited) @executable_path/Frameworks";
				PRODUCT_BUNDLE_IDENTIFIER = "com.mexx.R-Example";
				PRODUCT_NAME = "$(TARGET_NAME)";
			};
			name = Debug;
		};
		5B6141C11BF22E8C00ABEC2E /* Release */ = {
			isa = XCBuildConfiguration;
			buildSettings = {
				ASSETCATALOG_COMPILER_APPICON_NAME = AppIcon;
				EMBEDDED_CONTENT_CONTAINS_SWIFT = YES;
				INFOPLIST_FILE = "R-Example/Info.plist";
				LD_RUNPATH_SEARCH_PATHS = "$(inherited) @executable_path/Frameworks";
				PRODUCT_BUNDLE_IDENTIFIER = "com.mexx.R-Example";
				PRODUCT_NAME = "$(TARGET_NAME)";
			};
			name = Release;
		};
		5B6141D11BF22EA100ABEC2E /* Debug */ = {
			isa = XCBuildConfiguration;
			buildSettings = {
				CLANG_ENABLE_MODULES = YES;
				CURRENT_PROJECT_VERSION = 1;
				DEFINES_MODULE = YES;
				DYLIB_COMPATIBILITY_VERSION = 1;
				DYLIB_CURRENT_VERSION = 1;
				DYLIB_INSTALL_NAME_BASE = "@rpath";
				INFOPLIST_FILE = GUI/Info.plist;
				INSTALL_PATH = "$(LOCAL_LIBRARY_DIR)/Frameworks";
				LD_RUNPATH_SEARCH_PATHS = "$(inherited) @executable_path/Frameworks @loader_path/Frameworks";
				PRODUCT_BUNDLE_IDENTIFIER = com.mexx.GUI;
				PRODUCT_NAME = "$(TARGET_NAME)";
				SKIP_INSTALL = YES;
				SWIFT_OPTIMIZATION_LEVEL = "-Onone";
				VERSIONING_SYSTEM = "apple-generic";
				VERSION_INFO_PREFIX = "";
			};
			name = Debug;
		};
		5B6141D21BF22EA100ABEC2E /* Release */ = {
			isa = XCBuildConfiguration;
			buildSettings = {
				CLANG_ENABLE_MODULES = YES;
				CURRENT_PROJECT_VERSION = 1;
				DEFINES_MODULE = YES;
				DYLIB_COMPATIBILITY_VERSION = 1;
				DYLIB_CURRENT_VERSION = 1;
				DYLIB_INSTALL_NAME_BASE = "@rpath";
				INFOPLIST_FILE = GUI/Info.plist;
				INSTALL_PATH = "$(LOCAL_LIBRARY_DIR)/Frameworks";
				LD_RUNPATH_SEARCH_PATHS = "$(inherited) @executable_path/Frameworks @loader_path/Frameworks";
				PRODUCT_BUNDLE_IDENTIFIER = com.mexx.GUI;
				PRODUCT_NAME = "$(TARGET_NAME)";
				SKIP_INSTALL = YES;
				VERSIONING_SYSTEM = "apple-generic";
				VERSION_INFO_PREFIX = "";
			};
			name = Release;
		};
/* End XCBuildConfiguration section */

/* Begin XCConfigurationList section */
		5B6141A81BF22E8B00ABEC2E /* Build configuration list for PBXProject "R-Example" */ = {
			isa = XCConfigurationList;
			buildConfigurations = (
				5B6141BD1BF22E8C00ABEC2E /* Debug */,
				5B6141BE1BF22E8C00ABEC2E /* Release */,
			);
			defaultConfigurationIsVisible = 0;
			defaultConfigurationName = Release;
		};
		5B6141BF1BF22E8C00ABEC2E /* Build configuration list for PBXNativeTarget "R-Example" */ = {
			isa = XCConfigurationList;
			buildConfigurations = (
				5B6141C01BF22E8C00ABEC2E /* Debug */,
				5B6141C11BF22E8C00ABEC2E /* Release */,
			);
			defaultConfigurationIsVisible = 0;
		};
		5B6141D01BF22EA100ABEC2E /* Build configuration list for PBXNativeTarget "GUI" */ = {
			isa = XCConfigurationList;
			buildConfigurations = (
				5B6141D11BF22EA100ABEC2E /* Debug */,
				5B6141D21BF22EA100ABEC2E /* Release */,
			);
			defaultConfigurationIsVisible = 0;
		};
/* End XCConfigurationList section */
	};
	rootObject = 5B6141A51BF22E8B00ABEC2E /* Project object */;
}
